<?xml version="1.0" encoding="UTF-8" standalone="yes" ?>
<CodeBlocks_project_file>
	<FileVersion major="1" minor="6" />
	<Project>
		<Option title="modular-forms" />
		<Option pch_mode="2" />
		<Option compiler="clang" />
		<Build>
			<Target title="Debug">
				<Option output="bin/modular-forms" prefix_auto="1" extension_auto="1" />
				<Option working_dir="bin/" />
				<Option object_output="obj/" />
				<Option type="1" />
				<Option compiler="clang" />
				<Option use_console_runner="0" />
				<Compiler>
					<Add option="-D_GLIBCXX_DEBUG" />
					<Add option="-g" />
				</Compiler>
			</Target>
			<Target title="Release">
				<Option output="bin/modular-forms" prefix_auto="1" extension_auto="1" />
				<Option working_dir="bin/" />
				<Option object_output="obj/" />
				<Option type="0" />
				<Option compiler="clang" />
				<Compiler>
					<Add option="-O3" />
					<Add option="-DNDEBUG" />
				</Compiler>
				<Linker>
					<Add option="-s" />
				</Linker>
			</Target>
			<Target title="Debug (w/ GL logs)">
				<Option output="bin/modular-forms" prefix_auto="1" extension_auto="1" />
				<Option working_dir="bin/" />
				<Option object_output="obj/" />
				<Option type="1" />
				<Option compiler="clang" />
				<Compiler>
					<Add option="-D_GLIBCXX_DEBUG" />
					<Add option="-g" />
					<Add option="-DGLFL_ENABLE_PROXY" />
				</Compiler>
			</Target>
		</Build>
		<Compiler>
			<Add option="-pedantic-errors" />
			<Add option="-Wextra" />
			<Add option="-Wall" />
			<Add option="-std=c++2a" />
			<Add option="-include src/utils/common.h" />
			<Add option="-include src/program/parachute.h" />
			<Add directory="lib/include" />
			<Add directory="src" />
		</Compiler>
		<Linker>
			<Add library="mingw32" />
			<Add library="SDL2main" />
			<Add library="SDL2.dll" />
			<Add library="freetype" />
			<Add library="openal32" />
			<Add library="vorbisfile" />
			<Add library="vorbisenc" />
			<Add library="vorbis" />
			<Add library="ogg" />
			<Add library="bz2" />
			<Add library="z" />
			<Add directory="lib" />
		</Linker>
		<Unit filename="gen/make_macro_h.cpp">
			<Option compile="0" />
			<Option link="0" />
		</Unit>
		<Unit filename="gen/make_mat_h.cpp">
			<Option compile="0" />
			<Option link="0" />
			<Option weight="100" />
			<Option compiler="gcc" use="1" buildCommand="gen\make_mat_h.bat\ngen\touch.bat $object" />
		</Unit>
		<Unit filename="lib/glfl.cpp">
			<Option compiler="gcc" use="1" buildCommand="$compiler $options $includes -c $file -o $object -g0 -O3" />
		</Unit>
		<Unit filename="lib/imgui.cpp" />
		<Unit filename="lib/imgui_demo.cpp" />
		<Unit filename="lib/imgui_draw.cpp" />
		<Unit filename="lib/imgui_widgets.cpp" />
		<Unit filename="lib/implementation.cpp">
			<Option compiler="gcc" use="1" buildCommand="$compiler $options $includes -c $file -o $object -g0 -O3" />
		</Unit>
		<Unit filename="lib/include/AL/al.h" />
		<Unit filename="lib/include/AL/alc.h" />
		<Unit filename="lib/include/AL/alext.h" />
		<Unit filename="lib/include/AL/efx-creative.h" />
		<Unit filename="lib/include/AL/efx-presets.h" />
		<Unit filename="lib/include/AL/efx.h" />
		<Unit filename="lib/include/GLFL/glfl.h" />
		<Unit filename="lib/include/GLFL/glfl_func_indices.h" />
		<Unit filename="lib/include/GLFL/glfl_proxy_proto__.h" />
		<Unit filename="lib/include/GLFL/glfl_simple_proto__.h" />
		<Unit filename="lib/include/SDL2/SDL.h" />
		<Unit filename="lib/include/SDL2/SDL_assert.h" />
		<Unit filename="lib/include/SDL2/SDL_atomic.h" />
		<Unit filename="lib/include/SDL2/SDL_audio.h" />
		<Unit filename="lib/include/SDL2/SDL_bits.h" />
		<Unit filename="lib/include/SDL2/SDL_blendmode.h" />
		<Unit filename="lib/include/SDL2/SDL_clipboard.h" />
		<Unit filename="lib/include/SDL2/SDL_config.h" />
		<Unit filename="lib/include/SDL2/SDL_cpuinfo.h" />
		<Unit filename="lib/include/SDL2/SDL_egl.h" />
		<Unit filename="lib/include/SDL2/SDL_endian.h" />
		<Unit filename="lib/include/SDL2/SDL_error.h" />
		<Unit filename="lib/include/SDL2/SDL_events.h" />
		<Unit filename="lib/include/SDL2/SDL_filesystem.h" />
		<Unit filename="lib/include/SDL2/SDL_gamecontroller.h" />
		<Unit filename="lib/include/SDL2/SDL_gesture.h" />
		<Unit filename="lib/include/SDL2/SDL_haptic.h" />
		<Unit filename="lib/include/SDL2/SDL_hints.h" />
		<Unit filename="lib/include/SDL2/SDL_joystick.h" />
		<Unit filename="lib/include/SDL2/SDL_keyboard.h" />
		<Unit filename="lib/include/SDL2/SDL_keycode.h" />
		<Unit filename="lib/include/SDL2/SDL_loadso.h" />
		<Unit filename="lib/include/SDL2/SDL_log.h" />
		<Unit filename="lib/include/SDL2/SDL_main.h" />
		<Unit filename="lib/include/SDL2/SDL_messagebox.h" />
		<Unit filename="lib/include/SDL2/SDL_mouse.h" />
		<Unit filename="lib/include/SDL2/SDL_mutex.h" />
		<Unit filename="lib/include/SDL2/SDL_name.h" />
		<Unit filename="lib/include/SDL2/SDL_opengl.h" />
		<Unit filename="lib/include/SDL2/SDL_opengl_glext.h" />
		<Unit filename="lib/include/SDL2/SDL_opengles.h" />
		<Unit filename="lib/include/SDL2/SDL_opengles2.h" />
		<Unit filename="lib/include/SDL2/SDL_opengles2_gl2.h" />
		<Unit filename="lib/include/SDL2/SDL_opengles2_gl2ext.h" />
		<Unit filename="lib/include/SDL2/SDL_opengles2_gl2platform.h" />
		<Unit filename="lib/include/SDL2/SDL_opengles2_khrplatform.h" />
		<Unit filename="lib/include/SDL2/SDL_pixels.h" />
		<Unit filename="lib/include/SDL2/SDL_platform.h" />
		<Unit filename="lib/include/SDL2/SDL_power.h" />
		<Unit filename="lib/include/SDL2/SDL_quit.h" />
		<Unit filename="lib/include/SDL2/SDL_rect.h" />
		<Unit filename="lib/include/SDL2/SDL_render.h" />
		<Unit filename="lib/include/SDL2/SDL_revision.h" />
		<Unit filename="lib/include/SDL2/SDL_rwops.h" />
		<Unit filename="lib/include/SDL2/SDL_scancode.h" />
		<Unit filename="lib/include/SDL2/SDL_shape.h" />
		<Unit filename="lib/include/SDL2/SDL_stdinc.h" />
		<Unit filename="lib/include/SDL2/SDL_surface.h" />
		<Unit filename="lib/include/SDL2/SDL_system.h" />
		<Unit filename="lib/include/SDL2/SDL_syswm.h" />
		<Unit filename="lib/include/SDL2/SDL_test.h" />
		<Unit filename="lib/include/SDL2/SDL_test_assert.h" />
		<Unit filename="lib/include/SDL2/SDL_test_common.h" />
		<Unit filename="lib/include/SDL2/SDL_test_compare.h" />
		<Unit filename="lib/include/SDL2/SDL_test_crc32.h" />
		<Unit filename="lib/include/SDL2/SDL_test_font.h" />
		<Unit filename="lib/include/SDL2/SDL_test_fuzzer.h" />
		<Unit filename="lib/include/SDL2/SDL_test_harness.h" />
		<Unit filename="lib/include/SDL2/SDL_test_images.h" />
		<Unit filename="lib/include/SDL2/SDL_test_log.h" />
		<Unit filename="lib/include/SDL2/SDL_test_md5.h" />
		<Unit filename="lib/include/SDL2/SDL_test_memory.h" />
		<Unit filename="lib/include/SDL2/SDL_test_random.h" />
		<Unit filename="lib/include/SDL2/SDL_thread.h" />
		<Unit filename="lib/include/SDL2/SDL_timer.h" />
		<Unit filename="lib/include/SDL2/SDL_touch.h" />
		<Unit filename="lib/include/SDL2/SDL_types.h" />
		<Unit filename="lib/include/SDL2/SDL_version.h" />
		<Unit filename="lib/include/SDL2/SDL_video.h" />
		<Unit filename="lib/include/SDL2/SDL_vulkan.h" />
		<Unit filename="lib/include/SDL2/begin_code.h" />
		<Unit filename="lib/include/SDL2/close_code.h" />
		<Unit filename="lib/include/freetype/config/ftconfig.h" />
		<Unit filename="lib/include/freetype/config/ftheader.h" />
		<Unit filename="lib/include/freetype/config/ftmodule.h" />
		<Unit filename="lib/include/freetype/config/ftoption.h" />
		<Unit filename="lib/include/freetype/config/ftstdlib.h" />
		<Unit filename="lib/include/freetype/freetype.h" />
		<Unit filename="lib/include/freetype/ftadvanc.h" />
		<Unit filename="lib/include/freetype/ftbbox.h" />
		<Unit filename="lib/include/freetype/ftbdf.h" />
		<Unit filename="lib/include/freetype/ftbitmap.h" />
		<Unit filename="lib/include/freetype/ftbzip2.h" />
		<Unit filename="lib/include/freetype/ftcache.h" />
		<Unit filename="lib/include/freetype/ftchapters.h" />
		<Unit filename="lib/include/freetype/ftcid.h" />
		<Unit filename="lib/include/freetype/ftdriver.h" />
		<Unit filename="lib/include/freetype/fterrdef.h" />
		<Unit filename="lib/include/freetype/fterrors.h" />
		<Unit filename="lib/include/freetype/ftfntfmt.h" />
		<Unit filename="lib/include/freetype/ftgasp.h" />
		<Unit filename="lib/include/freetype/ftglyph.h" />
		<Unit filename="lib/include/freetype/ftgxval.h" />
		<Unit filename="lib/include/freetype/ftgzip.h" />
		<Unit filename="lib/include/freetype/ftimage.h" />
		<Unit filename="lib/include/freetype/ftincrem.h" />
		<Unit filename="lib/include/freetype/ftlcdfil.h" />
		<Unit filename="lib/include/freetype/ftlist.h" />
		<Unit filename="lib/include/freetype/ftlzw.h" />
		<Unit filename="lib/include/freetype/ftmac.h" />
		<Unit filename="lib/include/freetype/ftmm.h" />
		<Unit filename="lib/include/freetype/ftmodapi.h" />
		<Unit filename="lib/include/freetype/ftmoderr.h" />
		<Unit filename="lib/include/freetype/ftotval.h" />
		<Unit filename="lib/include/freetype/ftoutln.h" />
		<Unit filename="lib/include/freetype/ftparams.h" />
		<Unit filename="lib/include/freetype/ftpfr.h" />
		<Unit filename="lib/include/freetype/ftrender.h" />
		<Unit filename="lib/include/freetype/ftsizes.h" />
		<Unit filename="lib/include/freetype/ftsnames.h" />
		<Unit filename="lib/include/freetype/ftstroke.h" />
		<Unit filename="lib/include/freetype/ftsynth.h" />
		<Unit filename="lib/include/freetype/ftsystem.h" />
		<Unit filename="lib/include/freetype/fttrigon.h" />
		<Unit filename="lib/include/freetype/fttypes.h" />
		<Unit filename="lib/include/freetype/ftwinfnt.h" />
		<Unit filename="lib/include/freetype/internal/autohint.h" />
		<Unit filename="lib/include/freetype/internal/cffotypes.h" />
		<Unit filename="lib/include/freetype/internal/cfftypes.h" />
		<Unit filename="lib/include/freetype/internal/ftcalc.h" />
		<Unit filename="lib/include/freetype/internal/ftdebug.h" />
		<Unit filename="lib/include/freetype/internal/ftdrv.h" />
		<Unit filename="lib/include/freetype/internal/ftgloadr.h" />
		<Unit filename="lib/include/freetype/internal/fthash.h" />
		<Unit filename="lib/include/freetype/internal/ftmemory.h" />
		<Unit filename="lib/include/freetype/internal/ftobjs.h" />
		<Unit filename="lib/include/freetype/internal/ftpic.h" />
		<Unit filename="lib/include/freetype/internal/ftpsprop.h" />
		<Unit filename="lib/include/freetype/internal/ftrfork.h" />
		<Unit filename="lib/include/freetype/internal/ftserv.h" />
		<Unit filename="lib/include/freetype/internal/ftstream.h" />
		<Unit filename="lib/include/freetype/internal/fttrace.h" />
		<Unit filename="lib/include/freetype/internal/ftvalid.h" />
		<Unit filename="lib/include/freetype/internal/internal.h" />
		<Unit filename="lib/include/freetype/internal/psaux.h" />
		<Unit filename="lib/include/freetype/internal/pshints.h" />
		<Unit filename="lib/include/freetype/internal/services/svbdf.h" />
		<Unit filename="lib/include/freetype/internal/services/svcfftl.h" />
		<Unit filename="lib/include/freetype/internal/services/svcid.h" />
		<Unit filename="lib/include/freetype/internal/services/svfntfmt.h" />
		<Unit filename="lib/include/freetype/internal/services/svgldict.h" />
		<Unit filename="lib/include/freetype/internal/services/svgxval.h" />
		<Unit filename="lib/include/freetype/internal/services/svkern.h" />
		<Unit filename="lib/include/freetype/internal/services/svmetric.h" />
		<Unit filename="lib/include/freetype/internal/services/svmm.h" />
		<Unit filename="lib/include/freetype/internal/services/svotval.h" />
		<Unit filename="lib/include/freetype/internal/services/svpfr.h" />
		<Unit filename="lib/include/freetype/internal/services/svpostnm.h" />
		<Unit filename="lib/include/freetype/internal/services/svprop.h" />
		<Unit filename="lib/include/freetype/internal/services/svpscmap.h" />
		<Unit filename="lib/include/freetype/internal/services/svpsinfo.h" />
		<Unit filename="lib/include/freetype/internal/services/svsfnt.h" />
		<Unit filename="lib/include/freetype/internal/services/svttcmap.h" />
		<Unit filename="lib/include/freetype/internal/services/svtteng.h" />
		<Unit filename="lib/include/freetype/internal/services/svttglyf.h" />
		<Unit filename="lib/include/freetype/internal/services/svwinfnt.h" />
		<Unit filename="lib/include/freetype/internal/sfnt.h" />
		<Unit filename="lib/include/freetype/internal/t1types.h" />
		<Unit filename="lib/include/freetype/internal/tttypes.h" />
		<Unit filename="lib/include/freetype/t1tables.h" />
		<Unit filename="lib/include/freetype/ttnameid.h" />
		<Unit filename="lib/include/freetype/tttables.h" />
		<Unit filename="lib/include/freetype/tttags.h" />
		<Unit filename="lib/include/ft2build.h" />
		<Unit filename="lib/include/imconfig.h" />
		<Unit filename="lib/include/imgui.h" />
		<Unit filename="lib/include/imgui_internal.h" />
		<Unit filename="lib/include/imstb_rectpack.h" />
		<Unit filename="lib/include/imstb_textedit.h" />
		<Unit filename="lib/include/imstb_truetype.h" />
		<Unit filename="lib/include/ogg/config_types.h" />
		<Unit filename="lib/include/ogg/ogg.h" />
		<Unit filename="lib/include/ogg/os_types.h" />
		<Unit filename="lib/include/stb_image.h" />
		<Unit filename="lib/include/stb_image_write.h" />
		<Unit filename="lib/include/stb_rect_pack.h" />
		<Unit filename="lib/include/vorbis/codec.h" />
		<Unit filename="lib/include/vorbis/vorbisenc.h" />
		<Unit filename="lib/include/vorbis/vorbisfile.h" />
		<Unit filename="src/audio/buffer.h" />
		<Unit filename="src/audio/complete.h" />
		<Unit filename="src/audio/context.h" />
		<Unit filename="src/audio/errors.h" />
		<Unit filename="src/audio/parameters.h" />
		<Unit filename="src/audio/sound.cpp" />
		<Unit filename="src/audio/sound.h" />
		<Unit filename="src/audio/source.h" />
		<Unit filename="src/gameutils/adaptive_viewport.cpp" />
		<Unit filename="src/gameutils/adaptive_viewport.h" />
		<Unit filename="src/gameutils/config.h" />
		<Unit filename="src/gameutils/render.cpp" />
		<Unit filename="src/gameutils/render.h" />
		<Unit filename="src/gameutils/texture_atlas.cpp" />
		<Unit filename="src/gameutils/texture_atlas.h" />
		<Unit filename="src/graphics/blending.h" />
		<Unit filename="src/graphics/clear.h" />
		<Unit filename="src/graphics/complete.h" />
		<Unit filename="src/graphics/errors.h" />
		<Unit filename="src/graphics/font.h" />
		<Unit filename="src/graphics/font_file.h" />
		<Unit filename="src/graphics/framebuffer.h" />
		<Unit filename="src/graphics/image.h" />
		<Unit filename="src/graphics/render_queue.h" />
		<Unit filename="src/graphics/shader.h" />
		<Unit filename="src/graphics/text.h" />
		<Unit filename="src/graphics/texture.h" />
		<Unit filename="src/graphics/vertex_buffer.h" />
		<Unit filename="src/graphics/viewport.h" />
		<Unit filename="src/input/button.h" />
		<Unit filename="src/input/complete.h" />
		<Unit filename="src/input/enum.h" />
		<Unit filename="src/input/mouse.h" />
		<Unit filename="src/interface/messagebox.cpp" />
		<Unit filename="src/interface/messagebox.h" />
		<Unit filename="src/interface/window.cpp" />
		<Unit filename="src/interface/window.h" />
		<Unit filename="src/main/main.cpp" />
		<Unit filename="src/program/errors.cpp" />
		<Unit filename="src/program/errors.h" />
		<Unit filename="src/program/exit.h" />
		<Unit filename="src/program/parachute.h" />
		<Unit filename="src/reflection/complete.h" />
		<Unit filename="src/reflection/containers_std.h" />
		<Unit filename="src/reflection/interface.h" />
		<Unit filename="src/reflection/primitives_arithmetic.h" />
		<Unit filename="src/reflection/primitives_string.h" />
		<Unit filename="src/reflection/structures_array.h" />
		<Unit filename="src/reflection/structures_macro.h" />
		<Unit filename="src/reflection/structures_tuple.h" />
		<Unit filename="src/reflection/structures_vec_mat.h" />
		<Unit filename="src/utils/adjust.h" />
		<Unit filename="src/utils/archive.cpp" />
		<Unit filename="src/utils/archive.h" />
		<Unit filename="src/utils/byte_order.h" />
		<Unit filename="src/utils/clock.h" />
		<Unit filename="src/utils/common.h" />
		<Unit filename="src/utils/dynamic_storage.h" />
		<Unit filename="src/utils/filesystem.cpp" />
		<Unit filename="src/utils/filesystem.h" />
		<Unit filename="src/utils/finally.h" />
		<Unit filename="src/utils/hash.h" />
		<Unit filename="src/utils/json.cpp" />
		<Unit filename="src/utils/json.h" />
		<Unit filename="src/utils/macro.h" />
		<Unit filename="src/utils/mat.h" />
		<Unit filename="src/utils/memory_access.h" />
		<Unit filename="src/utils/memory_file.h" />
		<Unit filename="src/utils/meta.h" />
		<Unit filename="src/utils/metronome.h" />
		<Unit filename="src/utils/multiarray.h" />
		<Unit filename="src/utils/packing.cpp" />
		<Unit filename="src/utils/packing.h" />
		<Unit filename="src/utils/random.h" />
		<Unit filename="src/utils/range_set.h" />
		<Unit filename="src/utils/resource_allocator.h" />
		<Unit filename="src/utils/robust_compare.h" />
		<Unit filename="src/utils/strings.h" />
		<Unit filename="src/utils/tasks.h" />
		<Unit filename="src/utils/unicode.h" />
		<Unit filename="src/utils/unicode_ranges.h" />
		<Extensions>
			<code_completion />
			<envvars />
			<debugger />
			<lib_finder disable_auto="1" />
		</Extensions>
	</Project>
</CodeBlocks_project_file>
